Microsoft Visual Studio Solution File, Format Version 12.00
# Visual Studio Version 17
VisualStudioVersion = 17.5.2.0
MinimumVisualStudioVersion = 10.0.40219.1
Project("{FAE04EC0-301F-11D3-BF4B-00C04F79EFBC}") = "screen_sound_4", "screen_sound_4.csproj", "{2E59C9F0-AC40-5890-D2EB-08E2AEA834D7}"
EndProject
Global
	GlobalSection(SolutionConfigurationPlatforms) = preSolution
		Debug|Any CPU = Debug|Any CPU
		Release|Any CPU = Release|Any CPU
	EndGlobalSection
	GlobalSection(ProjectConfigurationPlatforms) = postSolution
		{2E59C9F0-AC40-5890-D2EB-08E2AEA834D7}.Debug|Any CPU.ActiveCfg = Debug|Any CPU
		{2E59C9F0-AC40-5890-D2EB-08E2AEA834D7}.Debug|Any CPU.Build.0 = Debug|Any CPU
		{2E59C9F0-AC40-5890-D2EB-08E2AEA834D7}.Release|Any CPU.ActiveCfg = Release|Any CPU
		{2E59C9F0-AC40-5890-D2EB-08E2AEA834D7}.Release|Any CPU.Build.0 = Release|Any CPU
	EndGlobalSection
	GlobalSection(SolutionProperties) = preSolution
		HideSolutionNode = FALSE
	EndGlobalSection
	GlobalSection(ExtensibilityGlobals) = postSolution
		SolutionGuid = {B8DC5E72-CF28-41B0-898C-BFBA22E86E25}
	EndGlobalSection
EndGlobal
